PODS:
  - Alamofire (3.3.0)
  - AsyncSwift (1.7.2)
  - Realm (0.98.6):
    - Realm/Headers (= 0.98.6)
  - Realm/Headers (0.98.6)
  - RealmSwift (0.98.6):
    - Realm (= 0.98.6)
  - RxBlocking (2.3.1):
    - RxSwift (~> 2.3.1)
  - RxCocoa (2.3.1):
    - RxSwift (~> 2.3.1)
  - RxGesture (0.1.6):
    - RxCocoa (~> 2.3.1)
  - RxSwift (2.3.1)
  - SwiftSynchronized (1.0.1)
  - SwiftyJSON (2.3.2)

DEPENDENCIES:
  - Alamofire (~> 3.0)
  - AsyncSwift
  - RealmSwift
  - RxBlocking (~> 2.0)
  - RxCocoa (~> 2.0)
  - RxGesture
  - RxSwift (~> 2.0)
  - SwiftSynchronized
  - SwiftyJSON (from `https://github.com/SwiftyJSON/SwiftyJSON.git`)

EXTERNAL SOURCES:
  SwiftyJSON:
    :git: https://github.com/SwiftyJSON/SwiftyJSON.git

CHECKOUT OPTIONS:
  SwiftyJSON:
    :commit: 2a5b70f06001316d4fb54501edc70b4084705da0
    :git: https://github.com/SwiftyJSON/SwiftyJSON.git

SPEC CHECKSUMS:
  Alamofire: 9054db4a1b1ca9e363223183e01cea380159a27c
  AsyncSwift: 46a78bceb11f0e5bb52747f740d9692ec78d2d7c
  Realm: 44803f35418c5d89b27825a564247fcd190de37e
  RealmSwift: c7239c52c83f8c43525a5269ba7be1694da33afc
  RxBlocking: 84fd81865a641a3843b33bae7b8315e78ddbd383
  RxCocoa: a2baaf3462b989559a51dce59d78fbebb8fe0afa
  RxGesture: da19da595b5fcfb27488c878475e77cf085e35aa
  RxSwift: 829b2843e9eddc77a02cb3f5117f0d55f8f646f1
  SwiftSynchronized: cfb984a52a3f336715b3297b6f94846204be75f9
  SwiftyJSON: 04ccea08915aa0109039157c7974cf0298da292a

COCOAPODS: 0.39.0
